
Microsoft Visual Studio Solution File, Format Version 12.00
# Visual Studio Version 16
VisualStudioVersion = 16.0.31727.386
MinimumVisualStudioVersion = 10.0.40219.1
Project("{8BC9CEB8-8B4A-11D0-8D11-00A0C91BC942}") = "task3", "Lab_5.vcxproj", "{0C55224F-7A02-42EC-955C-096633B7B2E2}"
EndProject
Project("{8BC9CEB8-8B4A-11D0-8D11-00A0C91BC942}") = "task4", "task4\task4.vcxproj", "{8D56F315-F3E3-44E6-AF4D-5A3C3DB55E8C}"
EndProject
Project("{8BC9CEB8-8B4A-11D0-8D11-00A0C91BC942}") = "task1", "task1\task1.vcxproj", "{3B5774EA-B9A4-469C-9081-B53D4D7FF956}"
EndProject
Project("{8BC9CEB8-8B4A-11D0-8D11-00A0C91BC942}") = "task6", "task6\task6.vcxproj", "{015D866E-13EC-4621-B090-1055B13C3A64}"
EndProject
Project("{8BC9CEB8-8B4A-11D0-8D11-00A0C91BC942}") = "task2", "task2\task2.vcxproj", "{8BAD67AA-BCD8-40B9-9076-58E513AF30AF}"
EndProject
Project("{8BC9CEB8-8B4A-11D0-8D11-00A0C91BC942}") = "task7", "task7\task7.vcxproj", "{26AB642C-B200-4150-960E-7D1A9F478070}"
EndProject
Project("{8BC9CEB8-8B4A-11D0-8D11-00A0C91BC942}") = "task8", "task8\task8.vcxproj", "{15DC6A33-5554-4B17-AD2C-8CEE2367855D}"
EndProject
Project("{8BC9CEB8-8B4A-11D0-8D11-00A0C91BC942}") = "task3_static_lib", "..\task3_static_lib\task3_static_lib.vcxproj", "{DB7CA4A5-DC19-4CF5-97A4-0B99FE009B3D}"
EndProject
Project("{2150E333-8FDC-42A3-9474-1A3956D46DE8}") = "tests", "tests", "{B58827EA-946E-4682-9CB7-7EAB837F6BC8}"
EndProject
Project("{8BC9CEB8-8B4A-11D0-8D11-00A0C91BC942}") = "task1_test", "task1_test\task1_test.vcxproj", "{5540DE71-FB1F-47FB-86AC-B02D2A56B621}"
EndProject
Project("{8BC9CEB8-8B4A-11D0-8D11-00A0C91BC942}") = "task3_test", "task3_test\task3_test.vcxproj", "{881F3F27-A88A-4D6E-9029-96B4E9D8371E}"
EndProject
Project("{8BC9CEB8-8B4A-11D0-8D11-00A0C91BC942}") = "task5_dynamic_lib_", "task5_dynamic_lib_\task5_dynamic_lib_.vcxproj", "{0245307F-93E2-4EE0-AC8C-DA237CA9AAA8}"
EndProject
Project("{8BC9CEB8-8B4A-11D0-8D11-00A0C91BC942}") = "task5_", "task5_\task5_.vcxproj", "{382D39E4-5C96-4EBA-B25B-CDC0B4CF5F0B}"
EndProject
Project("{8BC9CEB8-8B4A-11D0-8D11-00A0C91BC942}") = "task2_test", "task2_test\task2_test.vcxproj", "{87079354-7F4A-4DAC-83DE-73F7871890D5}"
EndProject
Project("{8BC9CEB8-8B4A-11D0-8D11-00A0C91BC942}") = "task4_test", "task4_test\task4_test.vcxproj", "{07FF2782-CC41-419D-AE39-8697F206A179}"
EndProject
Project("{8BC9CEB8-8B4A-11D0-8D11-00A0C91BC942}") = "task5_test", "task5_test\task5_test.vcxproj", "{625FC011-CCE7-43C6-A2AC-4B4AF9D0C237}"
EndProject
Project("{8BC9CEB8-8B4A-11D0-8D11-00A0C91BC942}") = "task6_test", "task6_test\task6_test.vcxproj", "{ACE810F5-8628-46E8-97BC-50E608A37ED6}"
EndProject
Project("{8BC9CEB8-8B4A-11D0-8D11-00A0C91BC942}") = "task7_test", "task7_test\task7_test.vcxproj", "{381DB341-A01E-4480-8C11-9C2295B033EC}"
EndProject
Project("{8BC9CEB8-8B4A-11D0-8D11-00A0C91BC942}") = "task8_test", "task8_test\task8_test.vcxproj", "{2704B2CD-2339-4F2C-84A7-BF394E94B59B}"
EndProject
Global
	GlobalSection(SolutionConfigurationPlatforms) = preSolution
		Debug|x64 = Debug|x64
		Debug|x86 = Debug|x86
		Release|x64 = Release|x64
		Release|x86 = Release|x86
	EndGlobalSection
	GlobalSection(ProjectConfigurationPlatforms) = postSolution
		{0C55224F-7A02-42EC-955C-096633B7B2E2}.Debug|x64.ActiveCfg = Debug|x64
		{0C55224F-7A02-42EC-955C-096633B7B2E2}.Debug|x64.Build.0 = Debug|x64
		{0C55224F-7A02-42EC-955C-096633B7B2E2}.Debug|x86.ActiveCfg = Debug|Win32
		{0C55224F-7A02-42EC-955C-096633B7B2E2}.Debug|x86.Build.0 = Debug|Win32
		{0C55224F-7A02-42EC-955C-096633B7B2E2}.Release|x64.ActiveCfg = Release|x64
		{0C55224F-7A02-42EC-955C-096633B7B2E2}.Release|x64.Build.0 = Release|x64
		{0C55224F-7A02-42EC-955C-096633B7B2E2}.Release|x86.ActiveCfg = Release|Win32
		{0C55224F-7A02-42EC-955C-096633B7B2E2}.Release|x86.Build.0 = Release|Win32
		{8D56F315-F3E3-44E6-AF4D-5A3C3DB55E8C}.Debug|x64.ActiveCfg = Debug|x64
		{8D56F315-F3E3-44E6-AF4D-5A3C3DB55E8C}.Debug|x64.Build.0 = Debug|x64
		{8D56F315-F3E3-44E6-AF4D-5A3C3DB55E8C}.Debug|x86.ActiveCfg = Debug|Win32
		{8D56F315-F3E3-44E6-AF4D-5A3C3DB55E8C}.Debug|x86.Build.0 = Debug|Win32
		{8D56F315-F3E3-44E6-AF4D-5A3C3DB55E8C}.Release|x64.ActiveCfg = Release|x64
		{8D56F315-F3E3-44E6-AF4D-5A3C3DB55E8C}.Release|x64.Build.0 = Release|x64
		{8D56F315-F3E3-44E6-AF4D-5A3C3DB55E8C}.Release|x86.ActiveCfg = Release|Win32
		{8D56F315-F3E3-44E6-AF4D-5A3C3DB55E8C}.Release|x86.Build.0 = Release|Win32
		{3B5774EA-B9A4-469C-9081-B53D4D7FF956}.Debug|x64.ActiveCfg = Debug|x64
		{3B5774EA-B9A4-469C-9081-B53D4D7FF956}.Debug|x64.Build.0 = Debug|x64
		{3B5774EA-B9A4-469C-9081-B53D4D7FF956}.Debug|x86.ActiveCfg = Debug|Win32
		{3B5774EA-B9A4-469C-9081-B53D4D7FF956}.Debug|x86.Build.0 = Debug|Win32
		{3B5774EA-B9A4-469C-9081-B53D4D7FF956}.Release|x64.ActiveCfg = Release|x64
		{3B5774EA-B9A4-469C-9081-B53D4D7FF956}.Release|x64.Build.0 = Release|x64
		{3B5774EA-B9A4-469C-9081-B53D4D7FF956}.Release|x86.ActiveCfg = Release|Win32
		{3B5774EA-B9A4-469C-9081-B53D4D7FF956}.Release|x86.Build.0 = Release|Win32
		{015D866E-13EC-4621-B090-1055B13C3A64}.Debug|x64.ActiveCfg = Debug|x64
		{015D866E-13EC-4621-B090-1055B13C3A64}.Debug|x64.Build.0 = Debug|x64
		{015D866E-13EC-4621-B090-1055B13C3A64}.Debug|x86.ActiveCfg = Debug|Win32
		{015D866E-13EC-4621-B090-1055B13C3A64}.Debug|x86.Build.0 = Debug|Win32
		{015D866E-13EC-4621-B090-1055B13C3A64}.Release|x64.ActiveCfg = Release|x64
		{015D866E-13EC-4621-B090-1055B13C3A64}.Release|x64.Build.0 = Release|x64
		{015D866E-13EC-4621-B090-1055B13C3A64}.Release|x86.ActiveCfg = Release|Win32
		{015D866E-13EC-4621-B090-1055B13C3A64}.Release|x86.Build.0 = Release|Win32
		{8BAD67AA-BCD8-40B9-9076-58E513AF30AF}.Debug|x64.ActiveCfg = Debug|x64
		{8BAD67AA-BCD8-40B9-9076-58E513AF30AF}.Debug|x64.Build.0 = Debug|x64
		{8BAD67AA-BCD8-40B9-9076-58E513AF30AF}.Debug|x86.ActiveCfg = Debug|Win32
		{8BAD67AA-BCD8-40B9-9076-58E513AF30AF}.Debug|x86.Build.0 = Debug|Win32
		{8BAD67AA-BCD8-40B9-9076-58E513AF30AF}.Release|x64.ActiveCfg = Release|x64
		{8BAD67AA-BCD8-40B9-9076-58E513AF30AF}.Release|x64.Build.0 = Release|x64
		{8BAD67AA-BCD8-40B9-9076-58E513AF30AF}.Release|x86.ActiveCfg = Release|Win32
		{8BAD67AA-BCD8-40B9-9076-58E513AF30AF}.Release|x86.Build.0 = Release|Win32
		{26AB642C-B200-4150-960E-7D1A9F478070}.Debug|x64.ActiveCfg = Debug|x64
		{26AB642C-B200-4150-960E-7D1A9F478070}.Debug|x64.Build.0 = Debug|x64
		{26AB642C-B200-4150-960E-7D1A9F478070}.Debug|x86.ActiveCfg = Debug|Win32
		{26AB642C-B200-4150-960E-7D1A9F478070}.Debug|x86.Build.0 = Debug|Win32
		{26AB642C-B200-4150-960E-7D1A9F478070}.Release|x64.ActiveCfg = Release|x64
		{26AB642C-B200-4150-960E-7D1A9F478070}.Release|x64.Build.0 = Release|x64
		{26AB642C-B200-4150-960E-7D1A9F478070}.Release|x86.ActiveCfg = Release|Win32
		{26AB642C-B200-4150-960E-7D1A9F478070}.Release|x86.Build.0 = Release|Win32
		{15DC6A33-5554-4B17-AD2C-8CEE2367855D}.Debug|x64.ActiveCfg = Debug|x64
		{15DC6A33-5554-4B17-AD2C-8CEE2367855D}.Debug|x64.Build.0 = Debug|x64
		{15DC6A33-5554-4B17-AD2C-8CEE2367855D}.Debug|x86.ActiveCfg = Debug|Win32
		{15DC6A33-5554-4B17-AD2C-8CEE2367855D}.Debug|x86.Build.0 = Debug|Win32
		{15DC6A33-5554-4B17-AD2C-8CEE2367855D}.Release|x64.ActiveCfg = Release|x64
		{15DC6A33-5554-4B17-AD2C-8CEE2367855D}.Release|x64.Build.0 = Release|x64
		{15DC6A33-5554-4B17-AD2C-8CEE2367855D}.Release|x86.ActiveCfg = Release|Win32
		{15DC6A33-5554-4B17-AD2C-8CEE2367855D}.Release|x86.Build.0 = Release|Win32
		{DB7CA4A5-DC19-4CF5-97A4-0B99FE009B3D}.Debug|x64.ActiveCfg = Debug|x64
		{DB7CA4A5-DC19-4CF5-97A4-0B99FE009B3D}.Debug|x64.Build.0 = Debug|x64
		{DB7CA4A5-DC19-4CF5-97A4-0B99FE009B3D}.Debug|x86.ActiveCfg = Debug|Win32
		{DB7CA4A5-DC19-4CF5-97A4-0B99FE009B3D}.Debug|x86.Build.0 = Debug|Win32
		{DB7CA4A5-DC19-4CF5-97A4-0B99FE009B3D}.Release|x64.ActiveCfg = Release|x64
		{DB7CA4A5-DC19-4CF5-97A4-0B99FE009B3D}.Release|x64.Build.0 = Release|x64
		{DB7CA4A5-DC19-4CF5-97A4-0B99FE009B3D}.Release|x86.ActiveCfg = Release|Win32
		{DB7CA4A5-DC19-4CF5-97A4-0B99FE009B3D}.Release|x86.Build.0 = Release|Win32
		{5540DE71-FB1F-47FB-86AC-B02D2A56B621}.Debug|x64.ActiveCfg = Debug|x64
		{5540DE71-FB1F-47FB-86AC-B02D2A56B621}.Debug|x64.Build.0 = Debug|x64
		{5540DE71-FB1F-47FB-86AC-B02D2A56B621}.Debug|x86.ActiveCfg = Debug|Win32
		{5540DE71-FB1F-47FB-86AC-B02D2A56B621}.Debug|x86.Build.0 = Debug|Win32
		{5540DE71-FB1F-47FB-86AC-B02D2A56B621}.Release|x64.ActiveCfg = Release|x64
		{5540DE71-FB1F-47FB-86AC-B02D2A56B621}.Release|x64.Build.0 = Release|x64
		{5540DE71-FB1F-47FB-86AC-B02D2A56B621}.Release|x86.ActiveCfg = Release|Win32
		{5540DE71-FB1F-47FB-86AC-B02D2A56B621}.Release|x86.Build.0 = Release|Win32
		{881F3F27-A88A-4D6E-9029-96B4E9D8371E}.Debug|x64.ActiveCfg = Debug|x64
		{881F3F27-A88A-4D6E-9029-96B4E9D8371E}.Debug|x64.Build.0 = Debug|x64
		{881F3F27-A88A-4D6E-9029-96B4E9D8371E}.Debug|x86.ActiveCfg = Debug|Win32
		{881F3F27-A88A-4D6E-9029-96B4E9D8371E}.Debug|x86.Build.0 = Debug|Win32
		{881F3F27-A88A-4D6E-9029-96B4E9D8371E}.Release|x64.ActiveCfg = Release|x64
		{881F3F27-A88A-4D6E-9029-96B4E9D8371E}.Release|x64.Build.0 = Release|x64
		{881F3F27-A88A-4D6E-9029-96B4E9D8371E}.Release|x86.ActiveCfg = Release|Win32
		{881F3F27-A88A-4D6E-9029-96B4E9D8371E}.Release|x86.Build.0 = Release|Win32
		{0245307F-93E2-4EE0-AC8C-DA237CA9AAA8}.Debug|x64.ActiveCfg = Debug|x64
		{0245307F-93E2-4EE0-AC8C-DA237CA9AAA8}.Debug|x64.Build.0 = Debug|x64
		{0245307F-93E2-4EE0-AC8C-DA237CA9AAA8}.Debug|x86.ActiveCfg = Debug|Win32
		{0245307F-93E2-4EE0-AC8C-DA237CA9AAA8}.Debug|x86.Build.0 = Debug|Win32
		{0245307F-93E2-4EE0-AC8C-DA237CA9AAA8}.Release|x64.ActiveCfg = Release|x64
		{0245307F-93E2-4EE0-AC8C-DA237CA9AAA8}.Release|x64.Build.0 = Release|x64
		{0245307F-93E2-4EE0-AC8C-DA237CA9AAA8}.Release|x86.ActiveCfg = Release|Win32
		{0245307F-93E2-4EE0-AC8C-DA237CA9AAA8}.Release|x86.Build.0 = Release|Win32
		{382D39E4-5C96-4EBA-B25B-CDC0B4CF5F0B}.Debug|x64.ActiveCfg = Debug|x64
		{382D39E4-5C96-4EBA-B25B-CDC0B4CF5F0B}.Debug|x64.Build.0 = Debug|x64
		{382D39E4-5C96-4EBA-B25B-CDC0B4CF5F0B}.Debug|x86.ActiveCfg = Debug|Win32
		{382D39E4-5C96-4EBA-B25B-CDC0B4CF5F0B}.Debug|x86.Build.0 = Debug|Win32
		{382D39E4-5C96-4EBA-B25B-CDC0B4CF5F0B}.Release|x64.ActiveCfg = Release|x64
		{382D39E4-5C96-4EBA-B25B-CDC0B4CF5F0B}.Release|x64.Build.0 = Release|x64
		{382D39E4-5C96-4EBA-B25B-CDC0B4CF5F0B}.Release|x86.ActiveCfg = Release|Win32
		{382D39E4-5C96-4EBA-B25B-CDC0B4CF5F0B}.Release|x86.Build.0 = Release|Win32
		{87079354-7F4A-4DAC-83DE-73F7871890D5}.Debug|x64.ActiveCfg = Debug|x64
		{87079354-7F4A-4DAC-83DE-73F7871890D5}.Debug|x64.Build.0 = Debug|x64
		{87079354-7F4A-4DAC-83DE-73F7871890D5}.Debug|x86.ActiveCfg = Debug|Win32
		{87079354-7F4A-4DAC-83DE-73F7871890D5}.Debug|x86.Build.0 = Debug|Win32
		{87079354-7F4A-4DAC-83DE-73F7871890D5}.Release|x64.ActiveCfg = Release|x64
		{87079354-7F4A-4DAC-83DE-73F7871890D5}.Release|x64.Build.0 = Release|x64
		{87079354-7F4A-4DAC-83DE-73F7871890D5}.Release|x86.ActiveCfg = Release|Win32
		{87079354-7F4A-4DAC-83DE-73F7871890D5}.Release|x86.Build.0 = Release|Win32
		{07FF2782-CC41-419D-AE39-8697F206A179}.Debug|x64.ActiveCfg = Debug|x64
		{07FF2782-CC41-419D-AE39-8697F206A179}.Debug|x64.Build.0 = Debug|x64
		{07FF2782-CC41-419D-AE39-8697F206A179}.Debug|x86.ActiveCfg = Debug|Win32
		{07FF2782-CC41-419D-AE39-8697F206A179}.Debug|x86.Build.0 = Debug|Win32
		{07FF2782-CC41-419D-AE39-8697F206A179}.Release|x64.ActiveCfg = Release|x64
		{07FF2782-CC41-419D-AE39-8697F206A179}.Release|x64.Build.0 = Release|x64
		{07FF2782-CC41-419D-AE39-8697F206A179}.Release|x86.ActiveCfg = Release|Win32
		{07FF2782-CC41-419D-AE39-8697F206A179}.Release|x86.Build.0 = Release|Win32
		{625FC011-CCE7-43C6-A2AC-4B4AF9D0C237}.Debug|x64.ActiveCfg = Debug|x64
		{625FC011-CCE7-43C6-A2AC-4B4AF9D0C237}.Debug|x64.Build.0 = Debug|x64
		{625FC011-CCE7-43C6-A2AC-4B4AF9D0C237}.Debug|x86.ActiveCfg = Debug|Win32
		{625FC011-CCE7-43C6-A2AC-4B4AF9D0C237}.Debug|x86.Build.0 = Debug|Win32
		{625FC011-CCE7-43C6-A2AC-4B4AF9D0C237}.Release|x64.ActiveCfg = Release|x64
		{625FC011-CCE7-43C6-A2AC-4B4AF9D0C237}.Release|x64.Build.0 = Release|x64
		{625FC011-CCE7-43C6-A2AC-4B4AF9D0C237}.Release|x86.ActiveCfg = Release|Win32
		{625FC011-CCE7-43C6-A2AC-4B4AF9D0C237}.Release|x86.Build.0 = Release|Win32
		{ACE810F5-8628-46E8-97BC-50E608A37ED6}.Debug|x64.ActiveCfg = Debug|x64
		{ACE810F5-8628-46E8-97BC-50E608A37ED6}.Debug|x64.Build.0 = Debug|x64
		{ACE810F5-8628-46E8-97BC-50E608A37ED6}.Debug|x86.ActiveCfg = Debug|Win32
		{ACE810F5-8628-46E8-97BC-50E608A37ED6}.Debug|x86.Build.0 = Debug|Win32
		{ACE810F5-8628-46E8-97BC-50E608A37ED6}.Release|x64.ActiveCfg = Release|x64
		{ACE810F5-8628-46E8-97BC-50E608A37ED6}.Release|x64.Build.0 = Release|x64
		{ACE810F5-8628-46E8-97BC-50E608A37ED6}.Release|x86.ActiveCfg = Release|Win32
		{ACE810F5-8628-46E8-97BC-50E608A37ED6}.Release|x86.Build.0 = Release|Win32
		{381DB341-A01E-4480-8C11-9C2295B033EC}.Debug|x64.ActiveCfg = Debug|x64
		{381DB341-A01E-4480-8C11-9C2295B033EC}.Debug|x64.Build.0 = Debug|x64
		{381DB341-A01E-4480-8C11-9C2295B033EC}.Debug|x86.ActiveCfg = Debug|Win32
		{381DB341-A01E-4480-8C11-9C2295B033EC}.Debug|x86.Build.0 = Debug|Win32
		{381DB341-A01E-4480-8C11-9C2295B033EC}.Release|x64.ActiveCfg = Release|x64
		{381DB341-A01E-4480-8C11-9C2295B033EC}.Release|x64.Build.0 = Release|x64
		{381DB341-A01E-4480-8C11-9C2295B033EC}.Release|x86.ActiveCfg = Release|Win32
		{381DB341-A01E-4480-8C11-9C2295B033EC}.Release|x86.Build.0 = Release|Win32
		{2704B2CD-2339-4F2C-84A7-BF394E94B59B}.Debug|x64.ActiveCfg = Debug|x64
		{2704B2CD-2339-4F2C-84A7-BF394E94B59B}.Debug|x64.Build.0 = Debug|x64
		{2704B2CD-2339-4F2C-84A7-BF394E94B59B}.Debug|x86.ActiveCfg = Debug|Win32
		{2704B2CD-2339-4F2C-84A7-BF394E94B59B}.Debug|x86.Build.0 = Debug|Win32
		{2704B2CD-2339-4F2C-84A7-BF394E94B59B}.Release|x64.ActiveCfg = Release|x64
		{2704B2CD-2339-4F2C-84A7-BF394E94B59B}.Release|x64.Build.0 = Release|x64
		{2704B2CD-2339-4F2C-84A7-BF394E94B59B}.Release|x86.ActiveCfg = Release|Win32
		{2704B2CD-2339-4F2C-84A7-BF394E94B59B}.Release|x86.Build.0 = Release|Win32
	EndGlobalSection
	GlobalSection(SolutionProperties) = preSolution
		HideSolutionNode = FALSE
	EndGlobalSection
	GlobalSection(NestedProjects) = preSolution
		{5540DE71-FB1F-47FB-86AC-B02D2A56B621} = {B58827EA-946E-4682-9CB7-7EAB837F6BC8}
		{881F3F27-A88A-4D6E-9029-96B4E9D8371E} = {B58827EA-946E-4682-9CB7-7EAB837F6BC8}
		{87079354-7F4A-4DAC-83DE-73F7871890D5} = {B58827EA-946E-4682-9CB7-7EAB837F6BC8}
		{07FF2782-CC41-419D-AE39-8697F206A179} = {B58827EA-946E-4682-9CB7-7EAB837F6BC8}
		{625FC011-CCE7-43C6-A2AC-4B4AF9D0C237} = {B58827EA-946E-4682-9CB7-7EAB837F6BC8}
		{ACE810F5-8628-46E8-97BC-50E608A37ED6} = {B58827EA-946E-4682-9CB7-7EAB837F6BC8}
		{381DB341-A01E-4480-8C11-9C2295B033EC} = {B58827EA-946E-4682-9CB7-7EAB837F6BC8}
		{2704B2CD-2339-4F2C-84A7-BF394E94B59B} = {B58827EA-946E-4682-9CB7-7EAB837F6BC8}
	EndGlobalSection
	GlobalSection(ExtensibilityGlobals) = postSolution
		SolutionGuid = {D078A8B1-5912-4E5E-A16F-87078BF14468}
	EndGlobalSection
EndGlobal
