
Microsoft Visual Studio Solution File, Format Version 12.00
# Visual Studio Version 16
VisualStudioVersion = 16.0.31911.196
MinimumVisualStudioVersion = 10.0.40219.1
Project("{8BC9CEB8-8B4A-11D0-8D11-00A0C91BC942}") = "task1", "task1\task1.vcxproj", "{DE8C984F-E786-4CA8-A205-D30FF70DC1B5}"
EndProject
Project("{8BC9CEB8-8B4A-11D0-8D11-00A0C91BC942}") = "task1.1", "task1.1\task1.1.vcxproj", "{613207D7-CD4E-4D76-AD7D-CD6E9B5F24E3}"
EndProject
Project("{8BC9CEB8-8B4A-11D0-8D11-00A0C91BC942}") = "task2", "task2\task2.vcxproj", "{D2560371-5AC1-4E79-8687-7BEE0CCF5A95}"
EndProject
Project("{8BC9CEB8-8B4A-11D0-8D11-00A0C91BC942}") = "task7", "task7\task7.vcxproj", "{B522440A-6C6D-4706-958B-46A1C8DBD917}"
EndProject
Project("{8BC9CEB8-8B4A-11D0-8D11-00A0C91BC942}") = "task4", "task4\task4.vcxproj", "{25E54A98-4319-4E70-8615-BF410736F3BC}"
EndProject
Project("{8BC9CEB8-8B4A-11D0-8D11-00A0C91BC942}") = "task5", "task5\task5.vcxproj", "{84E6BB0E-DC21-44C1-A646-13F5D0EBC346}"
EndProject
Project("{8BC9CEB8-8B4A-11D0-8D11-00A0C91BC942}") = "task6", "task6\task6.vcxproj", "{C8985105-1329-44E5-BBDF-FAAFFC9E68C3}"
EndProject
Project("{8BC9CEB8-8B4A-11D0-8D11-00A0C91BC942}") = "task9", "task9\task9.vcxproj", "{4C933BB4-A09A-4A79-A508-FC8AD42480D3}"
EndProject
Project("{8BC9CEB8-8B4A-11D0-8D11-00A0C91BC942}") = "task3", "task3\task3.vcxproj", "{0E508BC3-3B52-4CCA-9A24-8BF57E053FB6}"
EndProject
Project("{2150E333-8FDC-42A3-9474-1A3956D46DE8}") = "tests", "tests", "{A6FC7EDB-3323-4DE3-A95A-1E01C282C8B2}"
EndProject
Project("{8BC9CEB8-8B4A-11D0-8D11-00A0C91BC942}") = "task1_test", "task1_test\task1_test.vcxproj", "{13DE0A35-0831-49CC-AE88-64A7E1CD29AD}"
EndProject
Project("{8BC9CEB8-8B4A-11D0-8D11-00A0C91BC942}") = "task2_test", "task2_test\task2_test.vcxproj", "{DDF657C9-FE01-482E-8F39-FAF2375859F8}"
EndProject
Project("{8BC9CEB8-8B4A-11D0-8D11-00A0C91BC942}") = "task3_test", "task3_test\task3_test.vcxproj", "{6E017194-3190-409D-A08C-99D60790E794}"
EndProject
Project("{8BC9CEB8-8B4A-11D0-8D11-00A0C91BC942}") = "task4_test", "task4_test\task4_test.vcxproj", "{7962F13F-C608-46A8-8826-D058483FA5CB}"
EndProject
Project("{8BC9CEB8-8B4A-11D0-8D11-00A0C91BC942}") = "task5_test", "task5_test\task5_test.vcxproj", "{08B57DB7-0EAF-4C06-81BB-E98589280320}"
EndProject
Project("{8BC9CEB8-8B4A-11D0-8D11-00A0C91BC942}") = "task6_test", "task6_test\task6_test.vcxproj", "{5DE59F77-A074-440F-856C-AB0199A81109}"
EndProject
Project("{8BC9CEB8-8B4A-11D0-8D11-00A0C91BC942}") = "task7_test", "task7_test\task7_test.vcxproj", "{C135183D-FE05-44C0-8333-85D64943462A}"
EndProject
Project("{8BC9CEB8-8B4A-11D0-8D11-00A0C91BC942}") = "task8", "task8\task8.vcxproj", "{E6CAE7D9-05F7-464C-B200-88D01BAF1705}"
EndProject
Project("{8BC9CEB8-8B4A-11D0-8D11-00A0C91BC942}") = "task9_test", "task9_test\task9_test.vcxproj", "{C774DC12-C1D0-4B6C-8ED3-8D5D698458FF}"
EndProject
Project("{8BC9CEB8-8B4A-11D0-8D11-00A0C91BC942}") = "task10", "task10\task10.vcxproj", "{BFB11446-0098-4A4E-8340-9DC731C201C3}"
EndProject
Project("{8BC9CEB8-8B4A-11D0-8D11-00A0C91BC942}") = "task10_test", "task10_test\task10_test.vcxproj", "{5CFA7C88-2EFC-4413-A121-5D106340322D}"
EndProject
Global
	GlobalSection(SolutionConfigurationPlatforms) = preSolution
		Debug|x64 = Debug|x64
		Debug|x86 = Debug|x86
		Release|x64 = Release|x64
		Release|x86 = Release|x86
	EndGlobalSection
	GlobalSection(ProjectConfigurationPlatforms) = postSolution
		{DE8C984F-E786-4CA8-A205-D30FF70DC1B5}.Debug|x64.ActiveCfg = Debug|x64
		{DE8C984F-E786-4CA8-A205-D30FF70DC1B5}.Debug|x64.Build.0 = Debug|x64
		{DE8C984F-E786-4CA8-A205-D30FF70DC1B5}.Debug|x86.ActiveCfg = Debug|Win32
		{DE8C984F-E786-4CA8-A205-D30FF70DC1B5}.Debug|x86.Build.0 = Debug|Win32
		{DE8C984F-E786-4CA8-A205-D30FF70DC1B5}.Release|x64.ActiveCfg = Release|x64
		{DE8C984F-E786-4CA8-A205-D30FF70DC1B5}.Release|x64.Build.0 = Release|x64
		{DE8C984F-E786-4CA8-A205-D30FF70DC1B5}.Release|x86.ActiveCfg = Release|Win32
		{DE8C984F-E786-4CA8-A205-D30FF70DC1B5}.Release|x86.Build.0 = Release|Win32
		{613207D7-CD4E-4D76-AD7D-CD6E9B5F24E3}.Debug|x64.ActiveCfg = Debug|x64
		{613207D7-CD4E-4D76-AD7D-CD6E9B5F24E3}.Debug|x64.Build.0 = Debug|x64
		{613207D7-CD4E-4D76-AD7D-CD6E9B5F24E3}.Debug|x86.ActiveCfg = Debug|Win32
		{613207D7-CD4E-4D76-AD7D-CD6E9B5F24E3}.Debug|x86.Build.0 = Debug|Win32
		{613207D7-CD4E-4D76-AD7D-CD6E9B5F24E3}.Release|x64.ActiveCfg = Release|x64
		{613207D7-CD4E-4D76-AD7D-CD6E9B5F24E3}.Release|x64.Build.0 = Release|x64
		{613207D7-CD4E-4D76-AD7D-CD6E9B5F24E3}.Release|x86.ActiveCfg = Release|Win32
		{613207D7-CD4E-4D76-AD7D-CD6E9B5F24E3}.Release|x86.Build.0 = Release|Win32
		{D2560371-5AC1-4E79-8687-7BEE0CCF5A95}.Debug|x64.ActiveCfg = Debug|x64
		{D2560371-5AC1-4E79-8687-7BEE0CCF5A95}.Debug|x64.Build.0 = Debug|x64
		{D2560371-5AC1-4E79-8687-7BEE0CCF5A95}.Debug|x86.ActiveCfg = Debug|Win32
		{D2560371-5AC1-4E79-8687-7BEE0CCF5A95}.Debug|x86.Build.0 = Debug|Win32
		{D2560371-5AC1-4E79-8687-7BEE0CCF5A95}.Release|x64.ActiveCfg = Release|x64
		{D2560371-5AC1-4E79-8687-7BEE0CCF5A95}.Release|x64.Build.0 = Release|x64
		{D2560371-5AC1-4E79-8687-7BEE0CCF5A95}.Release|x86.ActiveCfg = Release|Win32
		{D2560371-5AC1-4E79-8687-7BEE0CCF5A95}.Release|x86.Build.0 = Release|Win32
		{B522440A-6C6D-4706-958B-46A1C8DBD917}.Debug|x64.ActiveCfg = Debug|x64
		{B522440A-6C6D-4706-958B-46A1C8DBD917}.Debug|x64.Build.0 = Debug|x64
		{B522440A-6C6D-4706-958B-46A1C8DBD917}.Debug|x86.ActiveCfg = Debug|Win32
		{B522440A-6C6D-4706-958B-46A1C8DBD917}.Debug|x86.Build.0 = Debug|Win32
		{B522440A-6C6D-4706-958B-46A1C8DBD917}.Release|x64.ActiveCfg = Release|x64
		{B522440A-6C6D-4706-958B-46A1C8DBD917}.Release|x64.Build.0 = Release|x64
		{B522440A-6C6D-4706-958B-46A1C8DBD917}.Release|x86.ActiveCfg = Release|Win32
		{B522440A-6C6D-4706-958B-46A1C8DBD917}.Release|x86.Build.0 = Release|Win32
		{25E54A98-4319-4E70-8615-BF410736F3BC}.Debug|x64.ActiveCfg = Debug|x64
		{25E54A98-4319-4E70-8615-BF410736F3BC}.Debug|x64.Build.0 = Debug|x64
		{25E54A98-4319-4E70-8615-BF410736F3BC}.Debug|x86.ActiveCfg = Debug|Win32
		{25E54A98-4319-4E70-8615-BF410736F3BC}.Debug|x86.Build.0 = Debug|Win32
		{25E54A98-4319-4E70-8615-BF410736F3BC}.Release|x64.ActiveCfg = Release|x64
		{25E54A98-4319-4E70-8615-BF410736F3BC}.Release|x64.Build.0 = Release|x64
		{25E54A98-4319-4E70-8615-BF410736F3BC}.Release|x86.ActiveCfg = Release|Win32
		{25E54A98-4319-4E70-8615-BF410736F3BC}.Release|x86.Build.0 = Release|Win32
		{84E6BB0E-DC21-44C1-A646-13F5D0EBC346}.Debug|x64.ActiveCfg = Debug|x64
		{84E6BB0E-DC21-44C1-A646-13F5D0EBC346}.Debug|x64.Build.0 = Debug|x64
		{84E6BB0E-DC21-44C1-A646-13F5D0EBC346}.Debug|x86.ActiveCfg = Debug|Win32
		{84E6BB0E-DC21-44C1-A646-13F5D0EBC346}.Debug|x86.Build.0 = Debug|Win32
		{84E6BB0E-DC21-44C1-A646-13F5D0EBC346}.Release|x64.ActiveCfg = Release|x64
		{84E6BB0E-DC21-44C1-A646-13F5D0EBC346}.Release|x64.Build.0 = Release|x64
		{84E6BB0E-DC21-44C1-A646-13F5D0EBC346}.Release|x86.ActiveCfg = Release|Win32
		{84E6BB0E-DC21-44C1-A646-13F5D0EBC346}.Release|x86.Build.0 = Release|Win32
		{C8985105-1329-44E5-BBDF-FAAFFC9E68C3}.Debug|x64.ActiveCfg = Debug|x64
		{C8985105-1329-44E5-BBDF-FAAFFC9E68C3}.Debug|x64.Build.0 = Debug|x64
		{C8985105-1329-44E5-BBDF-FAAFFC9E68C3}.Debug|x86.ActiveCfg = Debug|Win32
		{C8985105-1329-44E5-BBDF-FAAFFC9E68C3}.Debug|x86.Build.0 = Debug|Win32
		{C8985105-1329-44E5-BBDF-FAAFFC9E68C3}.Release|x64.ActiveCfg = Release|x64
		{C8985105-1329-44E5-BBDF-FAAFFC9E68C3}.Release|x64.Build.0 = Release|x64
		{C8985105-1329-44E5-BBDF-FAAFFC9E68C3}.Release|x86.ActiveCfg = Release|Win32
		{C8985105-1329-44E5-BBDF-FAAFFC9E68C3}.Release|x86.Build.0 = Release|Win32
		{4C933BB4-A09A-4A79-A508-FC8AD42480D3}.Debug|x64.ActiveCfg = Debug|x64
		{4C933BB4-A09A-4A79-A508-FC8AD42480D3}.Debug|x64.Build.0 = Debug|x64
		{4C933BB4-A09A-4A79-A508-FC8AD42480D3}.Debug|x86.ActiveCfg = Debug|Win32
		{4C933BB4-A09A-4A79-A508-FC8AD42480D3}.Debug|x86.Build.0 = Debug|Win32
		{4C933BB4-A09A-4A79-A508-FC8AD42480D3}.Release|x64.ActiveCfg = Release|x64
		{4C933BB4-A09A-4A79-A508-FC8AD42480D3}.Release|x64.Build.0 = Release|x64
		{4C933BB4-A09A-4A79-A508-FC8AD42480D3}.Release|x86.ActiveCfg = Release|Win32
		{4C933BB4-A09A-4A79-A508-FC8AD42480D3}.Release|x86.Build.0 = Release|Win32
		{0E508BC3-3B52-4CCA-9A24-8BF57E053FB6}.Debug|x64.ActiveCfg = Debug|x64
		{0E508BC3-3B52-4CCA-9A24-8BF57E053FB6}.Debug|x64.Build.0 = Debug|x64
		{0E508BC3-3B52-4CCA-9A24-8BF57E053FB6}.Debug|x86.ActiveCfg = Debug|Win32
		{0E508BC3-3B52-4CCA-9A24-8BF57E053FB6}.Debug|x86.Build.0 = Debug|Win32
		{0E508BC3-3B52-4CCA-9A24-8BF57E053FB6}.Release|x64.ActiveCfg = Release|x64
		{0E508BC3-3B52-4CCA-9A24-8BF57E053FB6}.Release|x64.Build.0 = Release|x64
		{0E508BC3-3B52-4CCA-9A24-8BF57E053FB6}.Release|x86.ActiveCfg = Release|Win32
		{0E508BC3-3B52-4CCA-9A24-8BF57E053FB6}.Release|x86.Build.0 = Release|Win32
		{13DE0A35-0831-49CC-AE88-64A7E1CD29AD}.Debug|x64.ActiveCfg = Debug|x64
		{13DE0A35-0831-49CC-AE88-64A7E1CD29AD}.Debug|x64.Build.0 = Debug|x64
		{13DE0A35-0831-49CC-AE88-64A7E1CD29AD}.Debug|x86.ActiveCfg = Debug|Win32
		{13DE0A35-0831-49CC-AE88-64A7E1CD29AD}.Debug|x86.Build.0 = Debug|Win32
		{13DE0A35-0831-49CC-AE88-64A7E1CD29AD}.Release|x64.ActiveCfg = Release|x64
		{13DE0A35-0831-49CC-AE88-64A7E1CD29AD}.Release|x64.Build.0 = Release|x64
		{13DE0A35-0831-49CC-AE88-64A7E1CD29AD}.Release|x86.ActiveCfg = Release|Win32
		{13DE0A35-0831-49CC-AE88-64A7E1CD29AD}.Release|x86.Build.0 = Release|Win32
		{DDF657C9-FE01-482E-8F39-FAF2375859F8}.Debug|x64.ActiveCfg = Debug|x64
		{DDF657C9-FE01-482E-8F39-FAF2375859F8}.Debug|x64.Build.0 = Debug|x64
		{DDF657C9-FE01-482E-8F39-FAF2375859F8}.Debug|x86.ActiveCfg = Debug|Win32
		{DDF657C9-FE01-482E-8F39-FAF2375859F8}.Debug|x86.Build.0 = Debug|Win32
		{DDF657C9-FE01-482E-8F39-FAF2375859F8}.Release|x64.ActiveCfg = Release|x64
		{DDF657C9-FE01-482E-8F39-FAF2375859F8}.Release|x64.Build.0 = Release|x64
		{DDF657C9-FE01-482E-8F39-FAF2375859F8}.Release|x86.ActiveCfg = Release|Win32
		{DDF657C9-FE01-482E-8F39-FAF2375859F8}.Release|x86.Build.0 = Release|Win32
		{6E017194-3190-409D-A08C-99D60790E794}.Debug|x64.ActiveCfg = Debug|x64
		{6E017194-3190-409D-A08C-99D60790E794}.Debug|x64.Build.0 = Debug|x64
		{6E017194-3190-409D-A08C-99D60790E794}.Debug|x86.ActiveCfg = Debug|Win32
		{6E017194-3190-409D-A08C-99D60790E794}.Debug|x86.Build.0 = Debug|Win32
		{6E017194-3190-409D-A08C-99D60790E794}.Release|x64.ActiveCfg = Release|x64
		{6E017194-3190-409D-A08C-99D60790E794}.Release|x64.Build.0 = Release|x64
		{6E017194-3190-409D-A08C-99D60790E794}.Release|x86.ActiveCfg = Release|Win32
		{6E017194-3190-409D-A08C-99D60790E794}.Release|x86.Build.0 = Release|Win32
		{7962F13F-C608-46A8-8826-D058483FA5CB}.Debug|x64.ActiveCfg = Debug|x64
		{7962F13F-C608-46A8-8826-D058483FA5CB}.Debug|x64.Build.0 = Debug|x64
		{7962F13F-C608-46A8-8826-D058483FA5CB}.Debug|x86.ActiveCfg = Debug|Win32
		{7962F13F-C608-46A8-8826-D058483FA5CB}.Debug|x86.Build.0 = Debug|Win32
		{7962F13F-C608-46A8-8826-D058483FA5CB}.Release|x64.ActiveCfg = Release|x64
		{7962F13F-C608-46A8-8826-D058483FA5CB}.Release|x64.Build.0 = Release|x64
		{7962F13F-C608-46A8-8826-D058483FA5CB}.Release|x86.ActiveCfg = Release|Win32
		{7962F13F-C608-46A8-8826-D058483FA5CB}.Release|x86.Build.0 = Release|Win32
		{08B57DB7-0EAF-4C06-81BB-E98589280320}.Debug|x64.ActiveCfg = Debug|x64
		{08B57DB7-0EAF-4C06-81BB-E98589280320}.Debug|x64.Build.0 = Debug|x64
		{08B57DB7-0EAF-4C06-81BB-E98589280320}.Debug|x86.ActiveCfg = Debug|Win32
		{08B57DB7-0EAF-4C06-81BB-E98589280320}.Debug|x86.Build.0 = Debug|Win32
		{08B57DB7-0EAF-4C06-81BB-E98589280320}.Release|x64.ActiveCfg = Release|x64
		{08B57DB7-0EAF-4C06-81BB-E98589280320}.Release|x64.Build.0 = Release|x64
		{08B57DB7-0EAF-4C06-81BB-E98589280320}.Release|x86.ActiveCfg = Release|Win32
		{08B57DB7-0EAF-4C06-81BB-E98589280320}.Release|x86.Build.0 = Release|Win32
		{5DE59F77-A074-440F-856C-AB0199A81109}.Debug|x64.ActiveCfg = Debug|x64
		{5DE59F77-A074-440F-856C-AB0199A81109}.Debug|x64.Build.0 = Debug|x64
		{5DE59F77-A074-440F-856C-AB0199A81109}.Debug|x86.ActiveCfg = Debug|Win32
		{5DE59F77-A074-440F-856C-AB0199A81109}.Debug|x86.Build.0 = Debug|Win32
		{5DE59F77-A074-440F-856C-AB0199A81109}.Release|x64.ActiveCfg = Release|x64
		{5DE59F77-A074-440F-856C-AB0199A81109}.Release|x64.Build.0 = Release|x64
		{5DE59F77-A074-440F-856C-AB0199A81109}.Release|x86.ActiveCfg = Release|Win32
		{5DE59F77-A074-440F-856C-AB0199A81109}.Release|x86.Build.0 = Release|Win32
		{C135183D-FE05-44C0-8333-85D64943462A}.Debug|x64.ActiveCfg = Debug|x64
		{C135183D-FE05-44C0-8333-85D64943462A}.Debug|x64.Build.0 = Debug|x64
		{C135183D-FE05-44C0-8333-85D64943462A}.Debug|x86.ActiveCfg = Debug|Win32
		{C135183D-FE05-44C0-8333-85D64943462A}.Debug|x86.Build.0 = Debug|Win32
		{C135183D-FE05-44C0-8333-85D64943462A}.Release|x64.ActiveCfg = Release|x64
		{C135183D-FE05-44C0-8333-85D64943462A}.Release|x64.Build.0 = Release|x64
		{C135183D-FE05-44C0-8333-85D64943462A}.Release|x86.ActiveCfg = Release|Win32
		{C135183D-FE05-44C0-8333-85D64943462A}.Release|x86.Build.0 = Release|Win32
		{E6CAE7D9-05F7-464C-B200-88D01BAF1705}.Debug|x64.ActiveCfg = Debug|x64
		{E6CAE7D9-05F7-464C-B200-88D01BAF1705}.Debug|x64.Build.0 = Debug|x64
		{E6CAE7D9-05F7-464C-B200-88D01BAF1705}.Debug|x86.ActiveCfg = Debug|Win32
		{E6CAE7D9-05F7-464C-B200-88D01BAF1705}.Debug|x86.Build.0 = Debug|Win32
		{E6CAE7D9-05F7-464C-B200-88D01BAF1705}.Release|x64.ActiveCfg = Release|x64
		{E6CAE7D9-05F7-464C-B200-88D01BAF1705}.Release|x64.Build.0 = Release|x64
		{E6CAE7D9-05F7-464C-B200-88D01BAF1705}.Release|x86.ActiveCfg = Release|Win32
		{E6CAE7D9-05F7-464C-B200-88D01BAF1705}.Release|x86.Build.0 = Release|Win32
		{C774DC12-C1D0-4B6C-8ED3-8D5D698458FF}.Debug|x64.ActiveCfg = Debug|x64
		{C774DC12-C1D0-4B6C-8ED3-8D5D698458FF}.Debug|x64.Build.0 = Debug|x64
		{C774DC12-C1D0-4B6C-8ED3-8D5D698458FF}.Debug|x86.ActiveCfg = Debug|Win32
		{C774DC12-C1D0-4B6C-8ED3-8D5D698458FF}.Debug|x86.Build.0 = Debug|Win32
		{C774DC12-C1D0-4B6C-8ED3-8D5D698458FF}.Release|x64.ActiveCfg = Release|x64
		{C774DC12-C1D0-4B6C-8ED3-8D5D698458FF}.Release|x64.Build.0 = Release|x64
		{C774DC12-C1D0-4B6C-8ED3-8D5D698458FF}.Release|x86.ActiveCfg = Release|Win32
		{C774DC12-C1D0-4B6C-8ED3-8D5D698458FF}.Release|x86.Build.0 = Release|Win32
		{BFB11446-0098-4A4E-8340-9DC731C201C3}.Debug|x64.ActiveCfg = Debug|x64
		{BFB11446-0098-4A4E-8340-9DC731C201C3}.Debug|x64.Build.0 = Debug|x64
		{BFB11446-0098-4A4E-8340-9DC731C201C3}.Debug|x86.ActiveCfg = Debug|Win32
		{BFB11446-0098-4A4E-8340-9DC731C201C3}.Debug|x86.Build.0 = Debug|Win32
		{BFB11446-0098-4A4E-8340-9DC731C201C3}.Release|x64.ActiveCfg = Release|x64
		{BFB11446-0098-4A4E-8340-9DC731C201C3}.Release|x64.Build.0 = Release|x64
		{BFB11446-0098-4A4E-8340-9DC731C201C3}.Release|x86.ActiveCfg = Release|Win32
		{BFB11446-0098-4A4E-8340-9DC731C201C3}.Release|x86.Build.0 = Release|Win32
		{5CFA7C88-2EFC-4413-A121-5D106340322D}.Debug|x64.ActiveCfg = Debug|x64
		{5CFA7C88-2EFC-4413-A121-5D106340322D}.Debug|x64.Build.0 = Debug|x64
		{5CFA7C88-2EFC-4413-A121-5D106340322D}.Debug|x86.ActiveCfg = Debug|Win32
		{5CFA7C88-2EFC-4413-A121-5D106340322D}.Debug|x86.Build.0 = Debug|Win32
		{5CFA7C88-2EFC-4413-A121-5D106340322D}.Release|x64.ActiveCfg = Release|x64
		{5CFA7C88-2EFC-4413-A121-5D106340322D}.Release|x64.Build.0 = Release|x64
		{5CFA7C88-2EFC-4413-A121-5D106340322D}.Release|x86.ActiveCfg = Release|Win32
		{5CFA7C88-2EFC-4413-A121-5D106340322D}.Release|x86.Build.0 = Release|Win32
	EndGlobalSection
	GlobalSection(SolutionProperties) = preSolution
		HideSolutionNode = FALSE
	EndGlobalSection
	GlobalSection(NestedProjects) = preSolution
		{13DE0A35-0831-49CC-AE88-64A7E1CD29AD} = {A6FC7EDB-3323-4DE3-A95A-1E01C282C8B2}
		{DDF657C9-FE01-482E-8F39-FAF2375859F8} = {A6FC7EDB-3323-4DE3-A95A-1E01C282C8B2}
		{6E017194-3190-409D-A08C-99D60790E794} = {A6FC7EDB-3323-4DE3-A95A-1E01C282C8B2}
		{7962F13F-C608-46A8-8826-D058483FA5CB} = {A6FC7EDB-3323-4DE3-A95A-1E01C282C8B2}
		{08B57DB7-0EAF-4C06-81BB-E98589280320} = {A6FC7EDB-3323-4DE3-A95A-1E01C282C8B2}
		{5DE59F77-A074-440F-856C-AB0199A81109} = {A6FC7EDB-3323-4DE3-A95A-1E01C282C8B2}
		{C135183D-FE05-44C0-8333-85D64943462A} = {A6FC7EDB-3323-4DE3-A95A-1E01C282C8B2}
		{C774DC12-C1D0-4B6C-8ED3-8D5D698458FF} = {A6FC7EDB-3323-4DE3-A95A-1E01C282C8B2}
		{5CFA7C88-2EFC-4413-A121-5D106340322D} = {A6FC7EDB-3323-4DE3-A95A-1E01C282C8B2}
	EndGlobalSection
	GlobalSection(ExtensibilityGlobals) = postSolution
		SolutionGuid = {BD7564CB-2131-4EC7-8A3B-8D81D35B3641}
	EndGlobalSection
EndGlobal
