
Microsoft Visual Studio Solution File, Format Version 12.00
# Visual Studio Version 16
VisualStudioVersion = 16.0.31829.152
MinimumVisualStudioVersion = 10.0.40219.1
Project("{8BC9CEB8-8B4A-11D0-8D11-00A0C91BC942}") = "task1", "Lab_6\Lab_6.vcxproj", "{A10E9AF0-9164-440B-B42D-88820A3E1BBD}"
EndProject
Project("{8BC9CEB8-8B4A-11D0-8D11-00A0C91BC942}") = "task2", "task2\task2.vcxproj", "{F904B648-59A2-400A-8B3B-888AB6508AC1}"
EndProject
Project("{8BC9CEB8-8B4A-11D0-8D11-00A0C91BC942}") = "task3", "task3\task3.vcxproj", "{35A0B528-4EB4-49A7-ADF7-894BF5145D41}"
EndProject
Project("{8BC9CEB8-8B4A-11D0-8D11-00A0C91BC942}") = "task4", "task4\task4.vcxproj", "{3509ABB0-8570-42FA-A6DE-0B4080C21F1B}"
EndProject
Project("{8BC9CEB8-8B4A-11D0-8D11-00A0C91BC942}") = "task5", "task5\task5.vcxproj", "{A3340453-6A0C-4420-951E-6A5A1FF96C22}"
EndProject
Project("{8BC9CEB8-8B4A-11D0-8D11-00A0C91BC942}") = "task6", "task6\task6.vcxproj", "{E50625BB-DCB4-4A36-832F-D1D2C83160FD}"
EndProject
Project("{8BC9CEB8-8B4A-11D0-8D11-00A0C91BC942}") = "task7", "task7\task7.vcxproj", "{AB759430-3E40-49B1-8DDC-E8D4454C7E25}"
EndProject
Project("{8BC9CEB8-8B4A-11D0-8D11-00A0C91BC942}") = "task8", "task8\task8.vcxproj", "{314A1005-986D-4DBB-8030-7C8C76F8D204}"
EndProject
Project("{8BC9CEB8-8B4A-11D0-8D11-00A0C91BC942}") = "task9", "task9\task9.vcxproj", "{3D8D34FA-1196-4618-96FE-B9320C2B3D0A}"
EndProject
Project("{2150E333-8FDC-42A3-9474-1A3956D46DE8}") = "tests", "tests", "{31504CD1-EA28-4B9E-9843-964B57CBFCA9}"
EndProject
Project("{8BC9CEB8-8B4A-11D0-8D11-00A0C91BC942}") = "task1_test", "task1_test\task1_test.vcxproj", "{34565A0A-D7AA-47E1-8AC0-2EE5B73A5461}"
EndProject
Project("{8BC9CEB8-8B4A-11D0-8D11-00A0C91BC942}") = "task2_test", "task2_test\task2_test.vcxproj", "{AC848B99-906F-45D8-BEDD-1A8241ECCE7B}"
EndProject
Project("{8BC9CEB8-8B4A-11D0-8D11-00A0C91BC942}") = "task3_test", "task3_test\task3_test.vcxproj", "{99002CC2-9FEC-4B02-9CE2-C2A14BD6CEDC}"
EndProject
Project("{8BC9CEB8-8B4A-11D0-8D11-00A0C91BC942}") = "task4_test", "task4_test\task4_test.vcxproj", "{856BDB2B-DD45-40E9-B6CE-50B79BAC862E}"
EndProject
Project("{8BC9CEB8-8B4A-11D0-8D11-00A0C91BC942}") = "task5_test", "task5_test\task5_test.vcxproj", "{F093A9E4-2061-4D1C-B8B0-3802BBE9F48E}"
EndProject
Project("{8BC9CEB8-8B4A-11D0-8D11-00A0C91BC942}") = "task6_test", "task6_test\task6_test.vcxproj", "{A73B9F22-6AA3-440B-A7BE-7B8C4C198FC1}"
EndProject
Project("{8BC9CEB8-8B4A-11D0-8D11-00A0C91BC942}") = "task7_test", "task7_test\task7_test.vcxproj", "{8873DD75-7713-48AF-910E-CB61D985C9E2}"
EndProject
Project("{8BC9CEB8-8B4A-11D0-8D11-00A0C91BC942}") = "task8_test", "task8_test\task8_test.vcxproj", "{251D1EC8-23BB-4507-A99E-0BA3506CA058}"
EndProject
Project("{8BC9CEB8-8B4A-11D0-8D11-00A0C91BC942}") = "task9_test", "task9_test\task9_test.vcxproj", "{1F441050-0483-4628-A778-3027ACBE4E24}"
EndProject
Global
	GlobalSection(SolutionConfigurationPlatforms) = preSolution
		Debug|x64 = Debug|x64
		Debug|x86 = Debug|x86
		Release|x64 = Release|x64
		Release|x86 = Release|x86
	EndGlobalSection
	GlobalSection(ProjectConfigurationPlatforms) = postSolution
		{A10E9AF0-9164-440B-B42D-88820A3E1BBD}.Debug|x64.ActiveCfg = Debug|x64
		{A10E9AF0-9164-440B-B42D-88820A3E1BBD}.Debug|x64.Build.0 = Debug|x64
		{A10E9AF0-9164-440B-B42D-88820A3E1BBD}.Debug|x86.ActiveCfg = Debug|Win32
		{A10E9AF0-9164-440B-B42D-88820A3E1BBD}.Debug|x86.Build.0 = Debug|Win32
		{A10E9AF0-9164-440B-B42D-88820A3E1BBD}.Release|x64.ActiveCfg = Release|x64
		{A10E9AF0-9164-440B-B42D-88820A3E1BBD}.Release|x64.Build.0 = Release|x64
		{A10E9AF0-9164-440B-B42D-88820A3E1BBD}.Release|x86.ActiveCfg = Release|Win32
		{A10E9AF0-9164-440B-B42D-88820A3E1BBD}.Release|x86.Build.0 = Release|Win32
		{F904B648-59A2-400A-8B3B-888AB6508AC1}.Debug|x64.ActiveCfg = Debug|x64
		{F904B648-59A2-400A-8B3B-888AB6508AC1}.Debug|x64.Build.0 = Debug|x64
		{F904B648-59A2-400A-8B3B-888AB6508AC1}.Debug|x86.ActiveCfg = Debug|Win32
		{F904B648-59A2-400A-8B3B-888AB6508AC1}.Debug|x86.Build.0 = Debug|Win32
		{F904B648-59A2-400A-8B3B-888AB6508AC1}.Release|x64.ActiveCfg = Release|x64
		{F904B648-59A2-400A-8B3B-888AB6508AC1}.Release|x64.Build.0 = Release|x64
		{F904B648-59A2-400A-8B3B-888AB6508AC1}.Release|x86.ActiveCfg = Release|Win32
		{F904B648-59A2-400A-8B3B-888AB6508AC1}.Release|x86.Build.0 = Release|Win32
		{35A0B528-4EB4-49A7-ADF7-894BF5145D41}.Debug|x64.ActiveCfg = Debug|x64
		{35A0B528-4EB4-49A7-ADF7-894BF5145D41}.Debug|x64.Build.0 = Debug|x64
		{35A0B528-4EB4-49A7-ADF7-894BF5145D41}.Debug|x86.ActiveCfg = Debug|Win32
		{35A0B528-4EB4-49A7-ADF7-894BF5145D41}.Debug|x86.Build.0 = Debug|Win32
		{35A0B528-4EB4-49A7-ADF7-894BF5145D41}.Release|x64.ActiveCfg = Release|x64
		{35A0B528-4EB4-49A7-ADF7-894BF5145D41}.Release|x64.Build.0 = Release|x64
		{35A0B528-4EB4-49A7-ADF7-894BF5145D41}.Release|x86.ActiveCfg = Release|Win32
		{35A0B528-4EB4-49A7-ADF7-894BF5145D41}.Release|x86.Build.0 = Release|Win32
		{3509ABB0-8570-42FA-A6DE-0B4080C21F1B}.Debug|x64.ActiveCfg = Debug|x64
		{3509ABB0-8570-42FA-A6DE-0B4080C21F1B}.Debug|x64.Build.0 = Debug|x64
		{3509ABB0-8570-42FA-A6DE-0B4080C21F1B}.Debug|x86.ActiveCfg = Debug|Win32
		{3509ABB0-8570-42FA-A6DE-0B4080C21F1B}.Debug|x86.Build.0 = Debug|Win32
		{3509ABB0-8570-42FA-A6DE-0B4080C21F1B}.Release|x64.ActiveCfg = Release|x64
		{3509ABB0-8570-42FA-A6DE-0B4080C21F1B}.Release|x64.Build.0 = Release|x64
		{3509ABB0-8570-42FA-A6DE-0B4080C21F1B}.Release|x86.ActiveCfg = Release|Win32
		{3509ABB0-8570-42FA-A6DE-0B4080C21F1B}.Release|x86.Build.0 = Release|Win32
		{A3340453-6A0C-4420-951E-6A5A1FF96C22}.Debug|x64.ActiveCfg = Debug|x64
		{A3340453-6A0C-4420-951E-6A5A1FF96C22}.Debug|x64.Build.0 = Debug|x64
		{A3340453-6A0C-4420-951E-6A5A1FF96C22}.Debug|x86.ActiveCfg = Debug|Win32
		{A3340453-6A0C-4420-951E-6A5A1FF96C22}.Debug|x86.Build.0 = Debug|Win32
		{A3340453-6A0C-4420-951E-6A5A1FF96C22}.Release|x64.ActiveCfg = Release|x64
		{A3340453-6A0C-4420-951E-6A5A1FF96C22}.Release|x64.Build.0 = Release|x64
		{A3340453-6A0C-4420-951E-6A5A1FF96C22}.Release|x86.ActiveCfg = Release|Win32
		{A3340453-6A0C-4420-951E-6A5A1FF96C22}.Release|x86.Build.0 = Release|Win32
		{E50625BB-DCB4-4A36-832F-D1D2C83160FD}.Debug|x64.ActiveCfg = Debug|x64
		{E50625BB-DCB4-4A36-832F-D1D2C83160FD}.Debug|x64.Build.0 = Debug|x64
		{E50625BB-DCB4-4A36-832F-D1D2C83160FD}.Debug|x86.ActiveCfg = Debug|Win32
		{E50625BB-DCB4-4A36-832F-D1D2C83160FD}.Debug|x86.Build.0 = Debug|Win32
		{E50625BB-DCB4-4A36-832F-D1D2C83160FD}.Release|x64.ActiveCfg = Release|x64
		{E50625BB-DCB4-4A36-832F-D1D2C83160FD}.Release|x64.Build.0 = Release|x64
		{E50625BB-DCB4-4A36-832F-D1D2C83160FD}.Release|x86.ActiveCfg = Release|Win32
		{E50625BB-DCB4-4A36-832F-D1D2C83160FD}.Release|x86.Build.0 = Release|Win32
		{AB759430-3E40-49B1-8DDC-E8D4454C7E25}.Debug|x64.ActiveCfg = Debug|x64
		{AB759430-3E40-49B1-8DDC-E8D4454C7E25}.Debug|x64.Build.0 = Debug|x64
		{AB759430-3E40-49B1-8DDC-E8D4454C7E25}.Debug|x86.ActiveCfg = Debug|Win32
		{AB759430-3E40-49B1-8DDC-E8D4454C7E25}.Debug|x86.Build.0 = Debug|Win32
		{AB759430-3E40-49B1-8DDC-E8D4454C7E25}.Release|x64.ActiveCfg = Release|x64
		{AB759430-3E40-49B1-8DDC-E8D4454C7E25}.Release|x64.Build.0 = Release|x64
		{AB759430-3E40-49B1-8DDC-E8D4454C7E25}.Release|x86.ActiveCfg = Release|Win32
		{AB759430-3E40-49B1-8DDC-E8D4454C7E25}.Release|x86.Build.0 = Release|Win32
		{314A1005-986D-4DBB-8030-7C8C76F8D204}.Debug|x64.ActiveCfg = Debug|x64
		{314A1005-986D-4DBB-8030-7C8C76F8D204}.Debug|x64.Build.0 = Debug|x64
		{314A1005-986D-4DBB-8030-7C8C76F8D204}.Debug|x86.ActiveCfg = Debug|Win32
		{314A1005-986D-4DBB-8030-7C8C76F8D204}.Debug|x86.Build.0 = Debug|Win32
		{314A1005-986D-4DBB-8030-7C8C76F8D204}.Release|x64.ActiveCfg = Release|x64
		{314A1005-986D-4DBB-8030-7C8C76F8D204}.Release|x64.Build.0 = Release|x64
		{314A1005-986D-4DBB-8030-7C8C76F8D204}.Release|x86.ActiveCfg = Release|Win32
		{314A1005-986D-4DBB-8030-7C8C76F8D204}.Release|x86.Build.0 = Release|Win32
		{3D8D34FA-1196-4618-96FE-B9320C2B3D0A}.Debug|x64.ActiveCfg = Debug|x64
		{3D8D34FA-1196-4618-96FE-B9320C2B3D0A}.Debug|x64.Build.0 = Debug|x64
		{3D8D34FA-1196-4618-96FE-B9320C2B3D0A}.Debug|x86.ActiveCfg = Debug|Win32
		{3D8D34FA-1196-4618-96FE-B9320C2B3D0A}.Debug|x86.Build.0 = Debug|Win32
		{3D8D34FA-1196-4618-96FE-B9320C2B3D0A}.Release|x64.ActiveCfg = Release|x64
		{3D8D34FA-1196-4618-96FE-B9320C2B3D0A}.Release|x64.Build.0 = Release|x64
		{3D8D34FA-1196-4618-96FE-B9320C2B3D0A}.Release|x86.ActiveCfg = Release|Win32
		{3D8D34FA-1196-4618-96FE-B9320C2B3D0A}.Release|x86.Build.0 = Release|Win32
		{34565A0A-D7AA-47E1-8AC0-2EE5B73A5461}.Debug|x64.ActiveCfg = Debug|x64
		{34565A0A-D7AA-47E1-8AC0-2EE5B73A5461}.Debug|x64.Build.0 = Debug|x64
		{34565A0A-D7AA-47E1-8AC0-2EE5B73A5461}.Debug|x86.ActiveCfg = Debug|Win32
		{34565A0A-D7AA-47E1-8AC0-2EE5B73A5461}.Debug|x86.Build.0 = Debug|Win32
		{34565A0A-D7AA-47E1-8AC0-2EE5B73A5461}.Release|x64.ActiveCfg = Release|x64
		{34565A0A-D7AA-47E1-8AC0-2EE5B73A5461}.Release|x64.Build.0 = Release|x64
		{34565A0A-D7AA-47E1-8AC0-2EE5B73A5461}.Release|x86.ActiveCfg = Release|Win32
		{34565A0A-D7AA-47E1-8AC0-2EE5B73A5461}.Release|x86.Build.0 = Release|Win32
		{AC848B99-906F-45D8-BEDD-1A8241ECCE7B}.Debug|x64.ActiveCfg = Debug|x64
		{AC848B99-906F-45D8-BEDD-1A8241ECCE7B}.Debug|x64.Build.0 = Debug|x64
		{AC848B99-906F-45D8-BEDD-1A8241ECCE7B}.Debug|x86.ActiveCfg = Debug|Win32
		{AC848B99-906F-45D8-BEDD-1A8241ECCE7B}.Debug|x86.Build.0 = Debug|Win32
		{AC848B99-906F-45D8-BEDD-1A8241ECCE7B}.Release|x64.ActiveCfg = Release|x64
		{AC848B99-906F-45D8-BEDD-1A8241ECCE7B}.Release|x64.Build.0 = Release|x64
		{AC848B99-906F-45D8-BEDD-1A8241ECCE7B}.Release|x86.ActiveCfg = Release|Win32
		{AC848B99-906F-45D8-BEDD-1A8241ECCE7B}.Release|x86.Build.0 = Release|Win32
		{99002CC2-9FEC-4B02-9CE2-C2A14BD6CEDC}.Debug|x64.ActiveCfg = Debug|x64
		{99002CC2-9FEC-4B02-9CE2-C2A14BD6CEDC}.Debug|x64.Build.0 = Debug|x64
		{99002CC2-9FEC-4B02-9CE2-C2A14BD6CEDC}.Debug|x86.ActiveCfg = Debug|Win32
		{99002CC2-9FEC-4B02-9CE2-C2A14BD6CEDC}.Debug|x86.Build.0 = Debug|Win32
		{99002CC2-9FEC-4B02-9CE2-C2A14BD6CEDC}.Release|x64.ActiveCfg = Release|x64
		{99002CC2-9FEC-4B02-9CE2-C2A14BD6CEDC}.Release|x64.Build.0 = Release|x64
		{99002CC2-9FEC-4B02-9CE2-C2A14BD6CEDC}.Release|x86.ActiveCfg = Release|Win32
		{99002CC2-9FEC-4B02-9CE2-C2A14BD6CEDC}.Release|x86.Build.0 = Release|Win32
		{856BDB2B-DD45-40E9-B6CE-50B79BAC862E}.Debug|x64.ActiveCfg = Debug|x64
		{856BDB2B-DD45-40E9-B6CE-50B79BAC862E}.Debug|x64.Build.0 = Debug|x64
		{856BDB2B-DD45-40E9-B6CE-50B79BAC862E}.Debug|x86.ActiveCfg = Debug|Win32
		{856BDB2B-DD45-40E9-B6CE-50B79BAC862E}.Debug|x86.Build.0 = Debug|Win32
		{856BDB2B-DD45-40E9-B6CE-50B79BAC862E}.Release|x64.ActiveCfg = Release|x64
		{856BDB2B-DD45-40E9-B6CE-50B79BAC862E}.Release|x64.Build.0 = Release|x64
		{856BDB2B-DD45-40E9-B6CE-50B79BAC862E}.Release|x86.ActiveCfg = Release|Win32
		{856BDB2B-DD45-40E9-B6CE-50B79BAC862E}.Release|x86.Build.0 = Release|Win32
		{F093A9E4-2061-4D1C-B8B0-3802BBE9F48E}.Debug|x64.ActiveCfg = Debug|x64
		{F093A9E4-2061-4D1C-B8B0-3802BBE9F48E}.Debug|x64.Build.0 = Debug|x64
		{F093A9E4-2061-4D1C-B8B0-3802BBE9F48E}.Debug|x86.ActiveCfg = Debug|Win32
		{F093A9E4-2061-4D1C-B8B0-3802BBE9F48E}.Debug|x86.Build.0 = Debug|Win32
		{F093A9E4-2061-4D1C-B8B0-3802BBE9F48E}.Release|x64.ActiveCfg = Release|x64
		{F093A9E4-2061-4D1C-B8B0-3802BBE9F48E}.Release|x64.Build.0 = Release|x64
		{F093A9E4-2061-4D1C-B8B0-3802BBE9F48E}.Release|x86.ActiveCfg = Release|Win32
		{F093A9E4-2061-4D1C-B8B0-3802BBE9F48E}.Release|x86.Build.0 = Release|Win32
		{A73B9F22-6AA3-440B-A7BE-7B8C4C198FC1}.Debug|x64.ActiveCfg = Debug|x64
		{A73B9F22-6AA3-440B-A7BE-7B8C4C198FC1}.Debug|x64.Build.0 = Debug|x64
		{A73B9F22-6AA3-440B-A7BE-7B8C4C198FC1}.Debug|x86.ActiveCfg = Debug|Win32
		{A73B9F22-6AA3-440B-A7BE-7B8C4C198FC1}.Debug|x86.Build.0 = Debug|Win32
		{A73B9F22-6AA3-440B-A7BE-7B8C4C198FC1}.Release|x64.ActiveCfg = Release|x64
		{A73B9F22-6AA3-440B-A7BE-7B8C4C198FC1}.Release|x64.Build.0 = Release|x64
		{A73B9F22-6AA3-440B-A7BE-7B8C4C198FC1}.Release|x86.ActiveCfg = Release|Win32
		{A73B9F22-6AA3-440B-A7BE-7B8C4C198FC1}.Release|x86.Build.0 = Release|Win32
		{8873DD75-7713-48AF-910E-CB61D985C9E2}.Debug|x64.ActiveCfg = Debug|x64
		{8873DD75-7713-48AF-910E-CB61D985C9E2}.Debug|x64.Build.0 = Debug|x64
		{8873DD75-7713-48AF-910E-CB61D985C9E2}.Debug|x86.ActiveCfg = Debug|Win32
		{8873DD75-7713-48AF-910E-CB61D985C9E2}.Debug|x86.Build.0 = Debug|Win32
		{8873DD75-7713-48AF-910E-CB61D985C9E2}.Release|x64.ActiveCfg = Release|x64
		{8873DD75-7713-48AF-910E-CB61D985C9E2}.Release|x64.Build.0 = Release|x64
		{8873DD75-7713-48AF-910E-CB61D985C9E2}.Release|x86.ActiveCfg = Release|Win32
		{8873DD75-7713-48AF-910E-CB61D985C9E2}.Release|x86.Build.0 = Release|Win32
		{251D1EC8-23BB-4507-A99E-0BA3506CA058}.Debug|x64.ActiveCfg = Debug|x64
		{251D1EC8-23BB-4507-A99E-0BA3506CA058}.Debug|x64.Build.0 = Debug|x64
		{251D1EC8-23BB-4507-A99E-0BA3506CA058}.Debug|x86.ActiveCfg = Debug|Win32
		{251D1EC8-23BB-4507-A99E-0BA3506CA058}.Debug|x86.Build.0 = Debug|Win32
		{251D1EC8-23BB-4507-A99E-0BA3506CA058}.Release|x64.ActiveCfg = Release|x64
		{251D1EC8-23BB-4507-A99E-0BA3506CA058}.Release|x64.Build.0 = Release|x64
		{251D1EC8-23BB-4507-A99E-0BA3506CA058}.Release|x86.ActiveCfg = Release|Win32
		{251D1EC8-23BB-4507-A99E-0BA3506CA058}.Release|x86.Build.0 = Release|Win32
		{1F441050-0483-4628-A778-3027ACBE4E24}.Debug|x64.ActiveCfg = Debug|x64
		{1F441050-0483-4628-A778-3027ACBE4E24}.Debug|x64.Build.0 = Debug|x64
		{1F441050-0483-4628-A778-3027ACBE4E24}.Debug|x86.ActiveCfg = Debug|Win32
		{1F441050-0483-4628-A778-3027ACBE4E24}.Debug|x86.Build.0 = Debug|Win32
		{1F441050-0483-4628-A778-3027ACBE4E24}.Release|x64.ActiveCfg = Release|x64
		{1F441050-0483-4628-A778-3027ACBE4E24}.Release|x64.Build.0 = Release|x64
		{1F441050-0483-4628-A778-3027ACBE4E24}.Release|x86.ActiveCfg = Release|Win32
		{1F441050-0483-4628-A778-3027ACBE4E24}.Release|x86.Build.0 = Release|Win32
	EndGlobalSection
	GlobalSection(SolutionProperties) = preSolution
		HideSolutionNode = FALSE
	EndGlobalSection
	GlobalSection(NestedProjects) = preSolution
		{34565A0A-D7AA-47E1-8AC0-2EE5B73A5461} = {31504CD1-EA28-4B9E-9843-964B57CBFCA9}
		{AC848B99-906F-45D8-BEDD-1A8241ECCE7B} = {31504CD1-EA28-4B9E-9843-964B57CBFCA9}
		{99002CC2-9FEC-4B02-9CE2-C2A14BD6CEDC} = {31504CD1-EA28-4B9E-9843-964B57CBFCA9}
		{856BDB2B-DD45-40E9-B6CE-50B79BAC862E} = {31504CD1-EA28-4B9E-9843-964B57CBFCA9}
		{F093A9E4-2061-4D1C-B8B0-3802BBE9F48E} = {31504CD1-EA28-4B9E-9843-964B57CBFCA9}
		{A73B9F22-6AA3-440B-A7BE-7B8C4C198FC1} = {31504CD1-EA28-4B9E-9843-964B57CBFCA9}
		{8873DD75-7713-48AF-910E-CB61D985C9E2} = {31504CD1-EA28-4B9E-9843-964B57CBFCA9}
		{251D1EC8-23BB-4507-A99E-0BA3506CA058} = {31504CD1-EA28-4B9E-9843-964B57CBFCA9}
		{1F441050-0483-4628-A778-3027ACBE4E24} = {31504CD1-EA28-4B9E-9843-964B57CBFCA9}
	EndGlobalSection
	GlobalSection(ExtensibilityGlobals) = postSolution
		SolutionGuid = {C81E4B25-7737-420A-8A8A-4A45F27801E2}
	EndGlobalSection
EndGlobal
