
Microsoft Visual Studio Solution File, Format Version 12.00
# Visual Studio Version 16
VisualStudioVersion = 16.0.31727.386
MinimumVisualStudioVersion = 10.0.40219.1
Project("{8BC9CEB8-8B4A-11D0-8D11-00A0C91BC942}") = "t1", "Lab_4.vcxproj", "{466D7ABE-0C37-47CB-8599-120A789F2F75}"
EndProject
Project("{8BC9CEB8-8B4A-11D0-8D11-00A0C91BC942}") = "t2", "t2\t2.vcxproj", "{C9E3294E-1ECF-4A43-BFB5-033100086C3F}"
EndProject
Project("{8BC9CEB8-8B4A-11D0-8D11-00A0C91BC942}") = "t3", "t3\t3.vcxproj", "{4EB3B83A-8E62-4207-BEB1-891525DE8976}"
EndProject
Project("{8BC9CEB8-8B4A-11D0-8D11-00A0C91BC942}") = "t4", "t4\t4.vcxproj", "{268292E2-B2B5-4757-92A9-D6F8BFB00459}"
EndProject
Project("{8BC9CEB8-8B4A-11D0-8D11-00A0C91BC942}") = "t5", "t5\t5.vcxproj", "{257463F5-A9BF-40A8-A3EF-68BFE7365084}"
EndProject
Project("{8BC9CEB8-8B4A-11D0-8D11-00A0C91BC942}") = "t6", "t6\t6.vcxproj", "{4B0C2C68-6FD8-468F-B847-655BA362BB7E}"
EndProject
Project("{8BC9CEB8-8B4A-11D0-8D11-00A0C91BC942}") = "t7", "t7\t7.vcxproj", "{A710AB8C-63FD-4DA1-81AD-EE09D38FD967}"
EndProject
Project("{8BC9CEB8-8B4A-11D0-8D11-00A0C91BC942}") = "t8", "t8\t8.vcxproj", "{F0C78BC3-5E08-438F-9602-46A524CBA3A4}"
EndProject
Project("{8BC9CEB8-8B4A-11D0-8D11-00A0C91BC942}") = "t9", "t9\t9.vcxproj", "{76D88C88-E584-4E63-BBB8-004D40AED420}"
EndProject
Project("{8BC9CEB8-8B4A-11D0-8D11-00A0C91BC942}") = "t10", "t10\t10.vcxproj", "{EB371B99-36C5-4527-AA1D-9E02793E37F0}"
EndProject
Project("{8BC9CEB8-8B4A-11D0-8D11-00A0C91BC942}") = "t11", "t11\t11.vcxproj", "{305E36CF-0A7F-498F-A29F-F1B78B3EF586}"
EndProject
Project("{8BC9CEB8-8B4A-11D0-8D11-00A0C91BC942}") = "t12", "t12\t12.vcxproj", "{69DDB214-8E90-4197-8F13-E707F64712DA}"
EndProject
Project("{8BC9CEB8-8B4A-11D0-8D11-00A0C91BC942}") = "t13", "t13\t13.vcxproj", "{707D0E76-B922-4EDD-9FE5-E0200ADD2BBB}"
EndProject
Project("{8BC9CEB8-8B4A-11D0-8D11-00A0C91BC942}") = "t14", "t14\t14.vcxproj", "{0E7A00AE-EDEC-44B9-93BD-D4C7C34921EE}"
EndProject
Project("{8BC9CEB8-8B4A-11D0-8D11-00A0C91BC942}") = "t15", "t15\t15.vcxproj", "{C1F50383-F9E5-4179-BA28-AD34A5C9B59E}"
EndProject
Global
	GlobalSection(SolutionConfigurationPlatforms) = preSolution
		Debug|x64 = Debug|x64
		Debug|x86 = Debug|x86
		Release|x64 = Release|x64
		Release|x86 = Release|x86
	EndGlobalSection
	GlobalSection(ProjectConfigurationPlatforms) = postSolution
		{466D7ABE-0C37-47CB-8599-120A789F2F75}.Debug|x64.ActiveCfg = Debug|x64
		{466D7ABE-0C37-47CB-8599-120A789F2F75}.Debug|x64.Build.0 = Debug|x64
		{466D7ABE-0C37-47CB-8599-120A789F2F75}.Debug|x86.ActiveCfg = Debug|Win32
		{466D7ABE-0C37-47CB-8599-120A789F2F75}.Debug|x86.Build.0 = Debug|Win32
		{466D7ABE-0C37-47CB-8599-120A789F2F75}.Release|x64.ActiveCfg = Release|x64
		{466D7ABE-0C37-47CB-8599-120A789F2F75}.Release|x64.Build.0 = Release|x64
		{466D7ABE-0C37-47CB-8599-120A789F2F75}.Release|x86.ActiveCfg = Release|Win32
		{466D7ABE-0C37-47CB-8599-120A789F2F75}.Release|x86.Build.0 = Release|Win32
		{C9E3294E-1ECF-4A43-BFB5-033100086C3F}.Debug|x64.ActiveCfg = Debug|x64
		{C9E3294E-1ECF-4A43-BFB5-033100086C3F}.Debug|x64.Build.0 = Debug|x64
		{C9E3294E-1ECF-4A43-BFB5-033100086C3F}.Debug|x86.ActiveCfg = Debug|Win32
		{C9E3294E-1ECF-4A43-BFB5-033100086C3F}.Debug|x86.Build.0 = Debug|Win32
		{C9E3294E-1ECF-4A43-BFB5-033100086C3F}.Release|x64.ActiveCfg = Release|x64
		{C9E3294E-1ECF-4A43-BFB5-033100086C3F}.Release|x64.Build.0 = Release|x64
		{C9E3294E-1ECF-4A43-BFB5-033100086C3F}.Release|x86.ActiveCfg = Release|Win32
		{C9E3294E-1ECF-4A43-BFB5-033100086C3F}.Release|x86.Build.0 = Release|Win32
		{4EB3B83A-8E62-4207-BEB1-891525DE8976}.Debug|x64.ActiveCfg = Debug|x64
		{4EB3B83A-8E62-4207-BEB1-891525DE8976}.Debug|x64.Build.0 = Debug|x64
		{4EB3B83A-8E62-4207-BEB1-891525DE8976}.Debug|x86.ActiveCfg = Debug|Win32
		{4EB3B83A-8E62-4207-BEB1-891525DE8976}.Debug|x86.Build.0 = Debug|Win32
		{4EB3B83A-8E62-4207-BEB1-891525DE8976}.Release|x64.ActiveCfg = Release|x64
		{4EB3B83A-8E62-4207-BEB1-891525DE8976}.Release|x64.Build.0 = Release|x64
		{4EB3B83A-8E62-4207-BEB1-891525DE8976}.Release|x86.ActiveCfg = Release|Win32
		{4EB3B83A-8E62-4207-BEB1-891525DE8976}.Release|x86.Build.0 = Release|Win32
		{268292E2-B2B5-4757-92A9-D6F8BFB00459}.Debug|x64.ActiveCfg = Debug|x64
		{268292E2-B2B5-4757-92A9-D6F8BFB00459}.Debug|x64.Build.0 = Debug|x64
		{268292E2-B2B5-4757-92A9-D6F8BFB00459}.Debug|x86.ActiveCfg = Debug|Win32
		{268292E2-B2B5-4757-92A9-D6F8BFB00459}.Debug|x86.Build.0 = Debug|Win32
		{268292E2-B2B5-4757-92A9-D6F8BFB00459}.Release|x64.ActiveCfg = Release|x64
		{268292E2-B2B5-4757-92A9-D6F8BFB00459}.Release|x64.Build.0 = Release|x64
		{268292E2-B2B5-4757-92A9-D6F8BFB00459}.Release|x86.ActiveCfg = Release|Win32
		{268292E2-B2B5-4757-92A9-D6F8BFB00459}.Release|x86.Build.0 = Release|Win32
		{257463F5-A9BF-40A8-A3EF-68BFE7365084}.Debug|x64.ActiveCfg = Debug|x64
		{257463F5-A9BF-40A8-A3EF-68BFE7365084}.Debug|x64.Build.0 = Debug|x64
		{257463F5-A9BF-40A8-A3EF-68BFE7365084}.Debug|x86.ActiveCfg = Debug|Win32
		{257463F5-A9BF-40A8-A3EF-68BFE7365084}.Debug|x86.Build.0 = Debug|Win32
		{257463F5-A9BF-40A8-A3EF-68BFE7365084}.Release|x64.ActiveCfg = Release|x64
		{257463F5-A9BF-40A8-A3EF-68BFE7365084}.Release|x64.Build.0 = Release|x64
		{257463F5-A9BF-40A8-A3EF-68BFE7365084}.Release|x86.ActiveCfg = Release|Win32
		{257463F5-A9BF-40A8-A3EF-68BFE7365084}.Release|x86.Build.0 = Release|Win32
		{4B0C2C68-6FD8-468F-B847-655BA362BB7E}.Debug|x64.ActiveCfg = Debug|x64
		{4B0C2C68-6FD8-468F-B847-655BA362BB7E}.Debug|x64.Build.0 = Debug|x64
		{4B0C2C68-6FD8-468F-B847-655BA362BB7E}.Debug|x86.ActiveCfg = Debug|Win32
		{4B0C2C68-6FD8-468F-B847-655BA362BB7E}.Debug|x86.Build.0 = Debug|Win32
		{4B0C2C68-6FD8-468F-B847-655BA362BB7E}.Release|x64.ActiveCfg = Release|x64
		{4B0C2C68-6FD8-468F-B847-655BA362BB7E}.Release|x64.Build.0 = Release|x64
		{4B0C2C68-6FD8-468F-B847-655BA362BB7E}.Release|x86.ActiveCfg = Release|Win32
		{4B0C2C68-6FD8-468F-B847-655BA362BB7E}.Release|x86.Build.0 = Release|Win32
		{A710AB8C-63FD-4DA1-81AD-EE09D38FD967}.Debug|x64.ActiveCfg = Debug|x64
		{A710AB8C-63FD-4DA1-81AD-EE09D38FD967}.Debug|x64.Build.0 = Debug|x64
		{A710AB8C-63FD-4DA1-81AD-EE09D38FD967}.Debug|x86.ActiveCfg = Debug|Win32
		{A710AB8C-63FD-4DA1-81AD-EE09D38FD967}.Debug|x86.Build.0 = Debug|Win32
		{A710AB8C-63FD-4DA1-81AD-EE09D38FD967}.Release|x64.ActiveCfg = Release|x64
		{A710AB8C-63FD-4DA1-81AD-EE09D38FD967}.Release|x64.Build.0 = Release|x64
		{A710AB8C-63FD-4DA1-81AD-EE09D38FD967}.Release|x86.ActiveCfg = Release|Win32
		{A710AB8C-63FD-4DA1-81AD-EE09D38FD967}.Release|x86.Build.0 = Release|Win32
		{F0C78BC3-5E08-438F-9602-46A524CBA3A4}.Debug|x64.ActiveCfg = Debug|x64
		{F0C78BC3-5E08-438F-9602-46A524CBA3A4}.Debug|x64.Build.0 = Debug|x64
		{F0C78BC3-5E08-438F-9602-46A524CBA3A4}.Debug|x86.ActiveCfg = Debug|Win32
		{F0C78BC3-5E08-438F-9602-46A524CBA3A4}.Debug|x86.Build.0 = Debug|Win32
		{F0C78BC3-5E08-438F-9602-46A524CBA3A4}.Release|x64.ActiveCfg = Release|x64
		{F0C78BC3-5E08-438F-9602-46A524CBA3A4}.Release|x64.Build.0 = Release|x64
		{F0C78BC3-5E08-438F-9602-46A524CBA3A4}.Release|x86.ActiveCfg = Release|Win32
		{F0C78BC3-5E08-438F-9602-46A524CBA3A4}.Release|x86.Build.0 = Release|Win32
		{76D88C88-E584-4E63-BBB8-004D40AED420}.Debug|x64.ActiveCfg = Debug|x64
		{76D88C88-E584-4E63-BBB8-004D40AED420}.Debug|x64.Build.0 = Debug|x64
		{76D88C88-E584-4E63-BBB8-004D40AED420}.Debug|x86.ActiveCfg = Debug|Win32
		{76D88C88-E584-4E63-BBB8-004D40AED420}.Debug|x86.Build.0 = Debug|Win32
		{76D88C88-E584-4E63-BBB8-004D40AED420}.Release|x64.ActiveCfg = Release|x64
		{76D88C88-E584-4E63-BBB8-004D40AED420}.Release|x64.Build.0 = Release|x64
		{76D88C88-E584-4E63-BBB8-004D40AED420}.Release|x86.ActiveCfg = Release|Win32
		{76D88C88-E584-4E63-BBB8-004D40AED420}.Release|x86.Build.0 = Release|Win32
		{EB371B99-36C5-4527-AA1D-9E02793E37F0}.Debug|x64.ActiveCfg = Debug|x64
		{EB371B99-36C5-4527-AA1D-9E02793E37F0}.Debug|x64.Build.0 = Debug|x64
		{EB371B99-36C5-4527-AA1D-9E02793E37F0}.Debug|x86.ActiveCfg = Debug|Win32
		{EB371B99-36C5-4527-AA1D-9E02793E37F0}.Debug|x86.Build.0 = Debug|Win32
		{EB371B99-36C5-4527-AA1D-9E02793E37F0}.Release|x64.ActiveCfg = Release|x64
		{EB371B99-36C5-4527-AA1D-9E02793E37F0}.Release|x64.Build.0 = Release|x64
		{EB371B99-36C5-4527-AA1D-9E02793E37F0}.Release|x86.ActiveCfg = Release|Win32
		{EB371B99-36C5-4527-AA1D-9E02793E37F0}.Release|x86.Build.0 = Release|Win32
		{305E36CF-0A7F-498F-A29F-F1B78B3EF586}.Debug|x64.ActiveCfg = Debug|x64
		{305E36CF-0A7F-498F-A29F-F1B78B3EF586}.Debug|x64.Build.0 = Debug|x64
		{305E36CF-0A7F-498F-A29F-F1B78B3EF586}.Debug|x86.ActiveCfg = Debug|Win32
		{305E36CF-0A7F-498F-A29F-F1B78B3EF586}.Debug|x86.Build.0 = Debug|Win32
		{305E36CF-0A7F-498F-A29F-F1B78B3EF586}.Release|x64.ActiveCfg = Release|x64
		{305E36CF-0A7F-498F-A29F-F1B78B3EF586}.Release|x64.Build.0 = Release|x64
		{305E36CF-0A7F-498F-A29F-F1B78B3EF586}.Release|x86.ActiveCfg = Release|Win32
		{305E36CF-0A7F-498F-A29F-F1B78B3EF586}.Release|x86.Build.0 = Release|Win32
		{69DDB214-8E90-4197-8F13-E707F64712DA}.Debug|x64.ActiveCfg = Debug|x64
		{69DDB214-8E90-4197-8F13-E707F64712DA}.Debug|x64.Build.0 = Debug|x64
		{69DDB214-8E90-4197-8F13-E707F64712DA}.Debug|x86.ActiveCfg = Debug|Win32
		{69DDB214-8E90-4197-8F13-E707F64712DA}.Debug|x86.Build.0 = Debug|Win32
		{69DDB214-8E90-4197-8F13-E707F64712DA}.Release|x64.ActiveCfg = Release|x64
		{69DDB214-8E90-4197-8F13-E707F64712DA}.Release|x64.Build.0 = Release|x64
		{69DDB214-8E90-4197-8F13-E707F64712DA}.Release|x86.ActiveCfg = Release|Win32
		{69DDB214-8E90-4197-8F13-E707F64712DA}.Release|x86.Build.0 = Release|Win32
		{707D0E76-B922-4EDD-9FE5-E0200ADD2BBB}.Debug|x64.ActiveCfg = Debug|x64
		{707D0E76-B922-4EDD-9FE5-E0200ADD2BBB}.Debug|x64.Build.0 = Debug|x64
		{707D0E76-B922-4EDD-9FE5-E0200ADD2BBB}.Debug|x86.ActiveCfg = Debug|Win32
		{707D0E76-B922-4EDD-9FE5-E0200ADD2BBB}.Debug|x86.Build.0 = Debug|Win32
		{707D0E76-B922-4EDD-9FE5-E0200ADD2BBB}.Release|x64.ActiveCfg = Release|x64
		{707D0E76-B922-4EDD-9FE5-E0200ADD2BBB}.Release|x64.Build.0 = Release|x64
		{707D0E76-B922-4EDD-9FE5-E0200ADD2BBB}.Release|x86.ActiveCfg = Release|Win32
		{707D0E76-B922-4EDD-9FE5-E0200ADD2BBB}.Release|x86.Build.0 = Release|Win32
		{0E7A00AE-EDEC-44B9-93BD-D4C7C34921EE}.Debug|x64.ActiveCfg = Debug|x64
		{0E7A00AE-EDEC-44B9-93BD-D4C7C34921EE}.Debug|x64.Build.0 = Debug|x64
		{0E7A00AE-EDEC-44B9-93BD-D4C7C34921EE}.Debug|x86.ActiveCfg = Debug|Win32
		{0E7A00AE-EDEC-44B9-93BD-D4C7C34921EE}.Debug|x86.Build.0 = Debug|Win32
		{0E7A00AE-EDEC-44B9-93BD-D4C7C34921EE}.Release|x64.ActiveCfg = Release|x64
		{0E7A00AE-EDEC-44B9-93BD-D4C7C34921EE}.Release|x64.Build.0 = Release|x64
		{0E7A00AE-EDEC-44B9-93BD-D4C7C34921EE}.Release|x86.ActiveCfg = Release|Win32
		{0E7A00AE-EDEC-44B9-93BD-D4C7C34921EE}.Release|x86.Build.0 = Release|Win32
		{C1F50383-F9E5-4179-BA28-AD34A5C9B59E}.Debug|x64.ActiveCfg = Debug|x64
		{C1F50383-F9E5-4179-BA28-AD34A5C9B59E}.Debug|x64.Build.0 = Debug|x64
		{C1F50383-F9E5-4179-BA28-AD34A5C9B59E}.Debug|x86.ActiveCfg = Debug|Win32
		{C1F50383-F9E5-4179-BA28-AD34A5C9B59E}.Debug|x86.Build.0 = Debug|Win32
		{C1F50383-F9E5-4179-BA28-AD34A5C9B59E}.Release|x64.ActiveCfg = Release|x64
		{C1F50383-F9E5-4179-BA28-AD34A5C9B59E}.Release|x64.Build.0 = Release|x64
		{C1F50383-F9E5-4179-BA28-AD34A5C9B59E}.Release|x86.ActiveCfg = Release|Win32
		{C1F50383-F9E5-4179-BA28-AD34A5C9B59E}.Release|x86.Build.0 = Release|Win32
	EndGlobalSection
	GlobalSection(SolutionProperties) = preSolution
		HideSolutionNode = FALSE
	EndGlobalSection
	GlobalSection(ExtensibilityGlobals) = postSolution
		SolutionGuid = {473A99C6-1D6E-44A7-874A-22571EE6FC70}
	EndGlobalSection
EndGlobal
